// !$*UTF8*$!
{
	archiveVersion = 1;
	classes = {
	};
	objectVersion = 46;
	objects = {

/* Begin PBXBuildFile section */
		006D720419952D00008149E2 /* AVFoundation.framework in Frameworks */ = {isa = PBXBuildFile; fileRef = 006D720219952D00008149E2 /* AVFoundation.framework */; };
		006D720519952D00008149E2 /* CoreMedia.framework in Frameworks */ = {isa = PBXBuildFile; fileRef = 006D720319952D00008149E2 /* CoreMedia.framework */; };
		0091D8F90E81B9330029341E /* OpenGL.framework in Frameworks */ = {isa = PBXBuildFile; fileRef = 0091D8F80E81B9330029341E /* OpenGL.framework */; };
		00B784B30FF439BC000DE1D7 /* Accelerate.framework in Frameworks */ = {isa = PBXBuildFile; fileRef = 00B784AF0FF439BC000DE1D7 /* Accelerate.framework */; };
		00B784B40FF439BC000DE1D7 /* AudioToolbox.framework in Frameworks */ = {isa = PBXBuildFile; fileRef = 00B784B00FF439BC000DE1D7 /* AudioToolbox.framework */; };
		00B784B50FF439BC000DE1D7 /* AudioUnit.framework in Frameworks */ = {isa = PBXBuildFile; fileRef = 00B784B10FF439BC000DE1D7 /* AudioUnit.framework */; };
		00B784B60FF439BC000DE1D7 /* CoreAudio.framework in Frameworks */ = {isa = PBXBuildFile; fileRef = 00B784B20FF439BC000DE1D7 /* CoreAudio.framework */; };
		00B9955A1B128DF400A5C623 /* IOKit.framework in Frameworks */ = {isa = PBXBuildFile; fileRef = 00B995581B128DF400A5C623 /* IOKit.framework */; };
		00B9955B1B128DF400A5C623 /* IOSurface.framework in Frameworks */ = {isa = PBXBuildFile; fileRef = 00B995591B128DF400A5C623 /* IOSurface.framework */; };
		5323E6B20EAFCA74003A9687 /* CoreVideo.framework in Frameworks */ = {isa = PBXBuildFile; fileRef = 5323E6B10EAFCA74003A9687 /* CoreVideo.framework */; };
		832EE72E23F847B39C069246 /* CinderApp.icns in Resources */ = {isa = PBXBuildFile; fileRef = C8C5C1B1FDF746F6AE893955 /* CinderApp.icns */; };
		8D11072F0486CEB800E47090 /* Cocoa.framework in Frameworks */ = {isa = PBXBuildFile; fileRef = 1058C7A1FEA54F0111CA2CBB /* Cocoa.framework */; };
		CBF375B423298CC6005B14EA /* Chunk.cpp in Sources */ = {isa = PBXBuildFile; fileRef = CBF375AA23298CC6005B14EA /* Chunk.cpp */; };
		CBF375B523298CC6005B14EA /* AudioEngine.cpp in Sources */ = {isa = PBXBuildFile; fileRef = CBF375AB23298CC6005B14EA /* AudioEngine.cpp */; };
		CBF375B623298CC6005B14EA /* Config.cpp in Sources */ = {isa = PBXBuildFile; fileRef = CBF375AC23298CC6005B14EA /* Config.cpp */; };
		CBF375B723298CC6005B14EA /* BufferToWaveRecorderNode.cpp in Sources */ = {isa = PBXBuildFile; fileRef = CBF375AD23298CC6005B14EA /* BufferToWaveRecorderNode.cpp */; };
		CBF375B823298CC6005B14EA /* ParticleController.cpp in Sources */ = {isa = PBXBuildFile; fileRef = CBF375AE23298CC6005B14EA /* ParticleController.cpp */; };
		CBF375B923298CC6005B14EA /* Log.cpp in Sources */ = {isa = PBXBuildFile; fileRef = CBF375AF23298CC6005B14EA /* Log.cpp */; };
		CBF375BA23298CC6005B14EA /* RtMidi.cpp in Sources */ = {isa = PBXBuildFile; fileRef = CBF375B023298CC6005B14EA /* RtMidi.cpp */; };
		CBF375BB23298CC6005B14EA /* MIDI.cpp in Sources */ = {isa = PBXBuildFile; fileRef = CBF375B123298CC6005B14EA /* MIDI.cpp */; };
		CBF375BC23298CC6005B14EA /* PGranularNode.cpp in Sources */ = {isa = PBXBuildFile; fileRef = CBF375B223298CC6005B14EA /* PGranularNode.cpp */; };
		CBF375BD23298CC6005B14EA /* Wave.cpp in Sources */ = {isa = PBXBuildFile; fileRef = CBF375B323298CC6005B14EA /* Wave.cpp */; };
		CBF375CF23298DAB005B14EA /* CollidoscopeApp.cpp in Sources */ = {isa = PBXBuildFile; fileRef = CBF375CE23298DAB005B14EA /* CollidoscopeApp.cpp */; };
		CBF375D123299866005B14EA /* CoreMIDI.framework in Frameworks */ = {isa = PBXBuildFile; fileRef = CBF375D023299866005B14EA /* CoreMIDI.framework */; };
/* End PBXBuildFile section */

/* Begin PBXFileReference section */
		006D720219952D00008149E2 /* AVFoundation.framework */ = {isa = PBXFileReference; lastKnownFileType = wrapper.framework; name = AVFoundation.framework; path = System/Library/Frameworks/AVFoundation.framework; sourceTree = SDKROOT; };
		006D720319952D00008149E2 /* CoreMedia.framework */ = {isa = PBXFileReference; lastKnownFileType = wrapper.framework; name = CoreMedia.framework; path = System/Library/Frameworks/CoreMedia.framework; sourceTree = SDKROOT; };
		0091D8F80E81B9330029341E /* OpenGL.framework */ = {isa = PBXFileReference; lastKnownFileType = wrapper.framework; name = OpenGL.framework; path = /System/Library/Frameworks/OpenGL.framework; sourceTree = "<absolute>"; };
		00B784AF0FF439BC000DE1D7 /* Accelerate.framework */ = {isa = PBXFileReference; lastKnownFileType = wrapper.framework; name = Accelerate.framework; path = System/Library/Frameworks/Accelerate.framework; sourceTree = SDKROOT; };
		00B784B00FF439BC000DE1D7 /* AudioToolbox.framework */ = {isa = PBXFileReference; lastKnownFileType = wrapper.framework; name = AudioToolbox.framework; path = System/Library/Frameworks/AudioToolbox.framework; sourceTree = SDKROOT; };
		00B784B10FF439BC000DE1D7 /* AudioUnit.framework */ = {isa = PBXFileReference; lastKnownFileType = wrapper.framework; name = AudioUnit.framework; path = System/Library/Frameworks/AudioUnit.framework; sourceTree = SDKROOT; };
		00B784B20FF439BC000DE1D7 /* CoreAudio.framework */ = {isa = PBXFileReference; lastKnownFileType = wrapper.framework; name = CoreAudio.framework; path = System/Library/Frameworks/CoreAudio.framework; sourceTree = SDKROOT; };
		00B995581B128DF400A5C623 /* IOKit.framework */ = {isa = PBXFileReference; lastKnownFileType = wrapper.framework; name = IOKit.framework; path = System/Library/Frameworks/IOKit.framework; sourceTree = SDKROOT; };
		00B995591B128DF400A5C623 /* IOSurface.framework */ = {isa = PBXFileReference; lastKnownFileType = wrapper.framework; name = IOSurface.framework; path = System/Library/Frameworks/IOSurface.framework; sourceTree = SDKROOT; };
		1058C7A1FEA54F0111CA2CBB /* Cocoa.framework */ = {isa = PBXFileReference; lastKnownFileType = wrapper.framework; name = Cocoa.framework; path = /System/Library/Frameworks/Cocoa.framework; sourceTree = "<absolute>"; };
		29B97324FDCFA39411CA2CEA /* AppKit.framework */ = {isa = PBXFileReference; lastKnownFileType = wrapper.framework; name = AppKit.framework; path = /System/Library/Frameworks/AppKit.framework; sourceTree = "<absolute>"; };
		29B97325FDCFA39411CA2CEA /* Foundation.framework */ = {isa = PBXFileReference; lastKnownFileType = wrapper.framework; name = Foundation.framework; path = /System/Library/Frameworks/Foundation.framework; sourceTree = "<absolute>"; };
		3D9D9BE0625142DF97683A91 /* Info.plist */ = {isa = PBXFileReference; lastKnownFileType = text.plist.xml; path = Info.plist; sourceTree = "<group>"; };
		5323E6B10EAFCA74003A9687 /* CoreVideo.framework */ = {isa = PBXFileReference; lastKnownFileType = wrapper.framework; name = CoreVideo.framework; path = /System/Library/Frameworks/CoreVideo.framework; sourceTree = "<absolute>"; };
		5D53627C3DB548318F324A9C /* Collidoscope_Prefix.pch */ = {isa = PBXFileReference; lastKnownFileType = "\"\""; path = Collidoscope_Prefix.pch; sourceTree = "<group>"; };
		7DF3707450D94912BA2DD657 /* Resources.h */ = {isa = PBXFileReference; lastKnownFileType = sourcecode.c.h; name = Resources.h; path = ../include/Resources.h; sourceTree = "<group>"; };
		8D1107320486CEB800E47090 /* Collidoscope.app */ = {isa = PBXFileReference; explicitFileType = wrapper.application; includeInIndex = 0; path = Collidoscope.app; sourceTree = BUILT_PRODUCTS_DIR; };
		C8C5C1B1FDF746F6AE893955 /* CinderApp.icns */ = {isa = PBXFileReference; lastKnownFileType = image.icns; name = CinderApp.icns; path = ../resources/CinderApp.icns; sourceTree = "<group>"; };
		CBF375AA23298CC6005B14EA /* Chunk.cpp */ = {isa = PBXFileReference; fileEncoding = 4; lastKnownFileType = sourcecode.cpp.cpp; name = Chunk.cpp; path = ../src/Chunk.cpp; sourceTree = "<group>"; };
		CBF375AB23298CC6005B14EA /* AudioEngine.cpp */ = {isa = PBXFileReference; fileEncoding = 4; lastKnownFileType = sourcecode.cpp.cpp; name = AudioEngine.cpp; path = ../src/AudioEngine.cpp; sourceTree = "<group>"; };
		CBF375AC23298CC6005B14EA /* Config.cpp */ = {isa = PBXFileReference; fileEncoding = 4; lastKnownFileType = sourcecode.cpp.cpp; name = Config.cpp; path = ../src/Config.cpp; sourceTree = "<group>"; };
		CBF375AD23298CC6005B14EA /* BufferToWaveRecorderNode.cpp */ = {isa = PBXFileReference; fileEncoding = 4; lastKnownFileType = sourcecode.cpp.cpp; name = BufferToWaveRecorderNode.cpp; path = ../src/BufferToWaveRecorderNode.cpp; sourceTree = "<group>"; };
		CBF375AE23298CC6005B14EA /* ParticleController.cpp */ = {isa = PBXFileReference; fileEncoding = 4; lastKnownFileType = sourcecode.cpp.cpp; name = ParticleController.cpp; path = ../src/ParticleController.cpp; sourceTree = "<group>"; };
		CBF375AF23298CC6005B14EA /* Log.cpp */ = {isa = PBXFileReference; fileEncoding = 4; lastKnownFileType = sourcecode.cpp.cpp; name = Log.cpp; path = ../src/Log.cpp; sourceTree = "<group>"; };
		CBF375B023298CC6005B14EA /* RtMidi.cpp */ = {isa = PBXFileReference; fileEncoding = 4; lastKnownFileType = sourcecode.cpp.cpp; name = RtMidi.cpp; path = ../src/RtMidi.cpp; sourceTree = "<group>"; };
		CBF375B123298CC6005B14EA /* MIDI.cpp */ = {isa = PBXFileReference; fileEncoding = 4; lastKnownFileType = sourcecode.cpp.cpp; name = MIDI.cpp; path = ../src/MIDI.cpp; sourceTree = "<group>"; };
		CBF375B223298CC6005B14EA /* PGranularNode.cpp */ = {isa = PBXFileReference; fileEncoding = 4; lastKnownFileType = sourcecode.cpp.cpp; name = PGranularNode.cpp; path = ../src/PGranularNode.cpp; sourceTree = "<group>"; };
		CBF375B323298CC6005B14EA /* Wave.cpp */ = {isa = PBXFileReference; fileEncoding = 4; lastKnownFileType = sourcecode.cpp.cpp; name = Wave.cpp; path = ../src/Wave.cpp; sourceTree = "<group>"; };
		CBF375BE23298CEE005B14EA /* Log.h */ = {isa = PBXFileReference; fileEncoding = 4; lastKnownFileType = sourcecode.c.h; name = Log.h; path = ../include/Log.h; sourceTree = "<group>"; };
		CBF375BF23298CEE005B14EA /* DrawInfo.h */ = {isa = PBXFileReference; fileEncoding = 4; lastKnownFileType = sourcecode.c.h; name = DrawInfo.h; path = ../include/DrawInfo.h; sourceTree = "<group>"; };
		CBF375C023298CEE005B14EA /* RingBufferPack.h */ = {isa = PBXFileReference; fileEncoding = 4; lastKnownFileType = sourcecode.c.h; name = RingBufferPack.h; path = ../include/RingBufferPack.h; sourceTree = "<group>"; };
		CBF375C123298CEE005B14EA /* Messages.h */ = {isa = PBXFileReference; fileEncoding = 4; lastKnownFileType = sourcecode.c.h; name = Messages.h; path = ../include/Messages.h; sourceTree = "<group>"; };
		CBF375C223298CEF005B14EA /* PGranular.h */ = {isa = PBXFileReference; fileEncoding = 4; lastKnownFileType = sourcecode.c.h; name = PGranular.h; path = ../include/PGranular.h; sourceTree = "<group>"; };
		CBF375C323298CEF005B14EA /* MIDI.h */ = {isa = PBXFileReference; fileEncoding = 4; lastKnownFileType = sourcecode.c.h; name = MIDI.h; path = ../include/MIDI.h; sourceTree = "<group>"; };
		CBF375C423298CEF005B14EA /* Wave.h */ = {isa = PBXFileReference; fileEncoding = 4; lastKnownFileType = sourcecode.c.h; name = Wave.h; path = ../include/Wave.h; sourceTree = "<group>"; };
		CBF375C523298CEF005B14EA /* Oscilloscope.h */ = {isa = PBXFileReference; fileEncoding = 4; lastKnownFileType = sourcecode.c.h; name = Oscilloscope.h; path = ../include/Oscilloscope.h; sourceTree = "<group>"; };
		CBF375C623298CEF005B14EA /* AudioEngine.h */ = {isa = PBXFileReference; fileEncoding = 4; lastKnownFileType = sourcecode.c.h; name = AudioEngine.h; path = ../include/AudioEngine.h; sourceTree = "<group>"; };
		CBF375C723298CEF005B14EA /* RtMidi.h */ = {isa = PBXFileReference; fileEncoding = 4; lastKnownFileType = sourcecode.c.h; name = RtMidi.h; path = ../include/RtMidi.h; sourceTree = "<group>"; };
		CBF375C823298CEF005B14EA /* Chunk.h */ = {isa = PBXFileReference; fileEncoding = 4; lastKnownFileType = sourcecode.c.h; name = Chunk.h; path = ../include/Chunk.h; sourceTree = "<group>"; };
		CBF375C923298CEF005B14EA /* Config.h */ = {isa = PBXFileReference; fileEncoding = 4; lastKnownFileType = sourcecode.c.h; name = Config.h; path = ../include/Config.h; sourceTree = "<group>"; };
		CBF375CA23298CEF005B14EA /* ParticleController.h */ = {isa = PBXFileReference; fileEncoding = 4; lastKnownFileType = sourcecode.c.h; name = ParticleController.h; path = ../include/ParticleController.h; sourceTree = "<group>"; };
		CBF375CB23298CEF005B14EA /* EnvASR.h */ = {isa = PBXFileReference; fileEncoding = 4; lastKnownFileType = sourcecode.c.h; name = EnvASR.h; path = ../include/EnvASR.h; sourceTree = "<group>"; };
		CBF375CC23298CEF005B14EA /* BufferToWaveRecorderNode.h */ = {isa = PBXFileReference; fileEncoding = 4; lastKnownFileType = sourcecode.c.h; name = BufferToWaveRecorderNode.h; path = ../include/BufferToWaveRecorderNode.h; sourceTree = "<group>"; };
		CBF375CD23298CEF005B14EA /* PGranularNode.h */ = {isa = PBXFileReference; fileEncoding = 4; lastKnownFileType = sourcecode.c.h; name = PGranularNode.h; path = ../include/PGranularNode.h; sourceTree = "<group>"; };
		CBF375CE23298DAB005B14EA /* CollidoscopeApp.cpp */ = {isa = PBXFileReference; fileEncoding = 4; lastKnownFileType = sourcecode.cpp.cpp; name = CollidoscopeApp.cpp; path = ../src/CollidoscopeApp.cpp; sourceTree = "<group>"; };
		CBF375D023299866005B14EA /* CoreMIDI.framework */ = {isa = PBXFileReference; lastKnownFileType = wrapper.framework; name = CoreMIDI.framework; path = System/Library/Frameworks/CoreMIDI.framework; sourceTree = SDKROOT; };
/* End PBXFileReference section */

/* Begin PBXFrameworksBuildPhase section */
		8D11072E0486CEB800E47090 /* Frameworks */ = {
			isa = PBXFrameworksBuildPhase;
			buildActionMask = 2147483647;
			files = (
				CBF375D123299866005B14EA /* CoreMIDI.framework in Frameworks */,
				006D720419952D00008149E2 /* AVFoundation.framework in Frameworks */,
				006D720519952D00008149E2 /* CoreMedia.framework in Frameworks */,
				8D11072F0486CEB800E47090 /* Cocoa.framework in Frameworks */,
				0091D8F90E81B9330029341E /* OpenGL.framework in Frameworks */,
				5323E6B20EAFCA74003A9687 /* CoreVideo.framework in Frameworks */,
				00B784B30FF439BC000DE1D7 /* Accelerate.framework in Frameworks */,
				00B784B40FF439BC000DE1D7 /* AudioToolbox.framework in Frameworks */,
				00B784B50FF439BC000DE1D7 /* AudioUnit.framework in Frameworks */,
				00B784B60FF439BC000DE1D7 /* CoreAudio.framework in Frameworks */,
				00B9955A1B128DF400A5C623 /* IOKit.framework in Frameworks */,
				00B9955B1B128DF400A5C623 /* IOSurface.framework in Frameworks */,
			);
			runOnlyForDeploymentPostprocessing = 0;
		};
/* End PBXFrameworksBuildPhase section */

/* Begin PBXGroup section */
		01B97315FEAEA392516A2CEA /* Blocks */ = {
			isa = PBXGroup;
			children = (
			);
			name = Blocks;
			sourceTree = "<group>";
		};
		080E96DDFE201D6D7F000001 /* Source */ = {
			isa = PBXGroup;
			children = (
				CBF375AB23298CC6005B14EA /* AudioEngine.cpp */,
				CBF375AD23298CC6005B14EA /* BufferToWaveRecorderNode.cpp */,
				CBF375AA23298CC6005B14EA /* Chunk.cpp */,
				CBF375AC23298CC6005B14EA /* Config.cpp */,
				CBF375CE23298DAB005B14EA /* CollidoscopeApp.cpp */,
				CBF375AF23298CC6005B14EA /* Log.cpp */,
				CBF375B123298CC6005B14EA /* MIDI.cpp */,
				CBF375AE23298CC6005B14EA /* ParticleController.cpp */,
				CBF375B223298CC6005B14EA /* PGranularNode.cpp */,
				CBF375B023298CC6005B14EA /* RtMidi.cpp */,
				CBF375B323298CC6005B14EA /* Wave.cpp */,
			);
			name = Source;
			sourceTree = "<group>";
		};
		1058C7A0FEA54F0111CA2CBB /* Linked Frameworks */ = {
			isa = PBXGroup;
			children = (
				006D720219952D00008149E2 /* AVFoundation.framework */,
				006D720319952D00008149E2 /* CoreMedia.framework */,
				00B784AF0FF439BC000DE1D7 /* Accelerate.framework */,
				00B784B00FF439BC000DE1D7 /* AudioToolbox.framework */,
				00B784B10FF439BC000DE1D7 /* AudioUnit.framework */,
				00B784B20FF439BC000DE1D7 /* CoreAudio.framework */,
				5323E6B10EAFCA74003A9687 /* CoreVideo.framework */,
				0091D8F80E81B9330029341E /* OpenGL.framework */,
				1058C7A1FEA54F0111CA2CBB /* Cocoa.framework */,
				00B995581B128DF400A5C623 /* IOKit.framework */,
				00B995591B128DF400A5C623 /* IOSurface.framework */,
			);
			name = "Linked Frameworks";
			sourceTree = "<group>";
		};
		1058C7A2FEA54F0111CA2CBB /* Other Frameworks */ = {
			isa = PBXGroup;
			children = (
				29B97324FDCFA39411CA2CEA /* AppKit.framework */,
				29B97325FDCFA39411CA2CEA /* Foundation.framework */,
			);
			name = "Other Frameworks";
			sourceTree = "<group>";
		};
		19C28FACFE9D520D11CA2CBB /* Products */ = {
			isa = PBXGroup;
			children = (
				8D1107320486CEB800E47090 /* Collidoscope.app */,
			);
			name = Products;
			sourceTree = "<group>";
		};
		29B97314FDCFA39411CA2CEA /* Collidoscope */ = {
			isa = PBXGroup;
			children = (
				01B97315FEAEA392516A2CEA /* Blocks */,
				29B97315FDCFA39411CA2CEA /* Headers */,
				080E96DDFE201D6D7F000001 /* Source */,
				29B97317FDCFA39411CA2CEA /* Resources */,
				29B97323FDCFA39411CA2CEA /* Frameworks */,
				19C28FACFE9D520D11CA2CBB /* Products */,
			);
			name = Collidoscope;
			sourceTree = "<group>";
		};
		29B97315FDCFA39411CA2CEA /* Headers */ = {
			isa = PBXGroup;
			children = (
				CBF375C623298CEF005B14EA /* AudioEngine.h */,
				CBF375CC23298CEF005B14EA /* BufferToWaveRecorderNode.h */,
				CBF375C823298CEF005B14EA /* Chunk.h */,
				CBF375C923298CEF005B14EA /* Config.h */,
				CBF375BF23298CEE005B14EA /* DrawInfo.h */,
				CBF375CB23298CEF005B14EA /* EnvASR.h */,
				CBF375BE23298CEE005B14EA /* Log.h */,
				CBF375C123298CEE005B14EA /* Messages.h */,
				CBF375C323298CEF005B14EA /* MIDI.h */,
				CBF375C523298CEF005B14EA /* Oscilloscope.h */,
				CBF375CA23298CEF005B14EA /* ParticleController.h */,
				CBF375C223298CEF005B14EA /* PGranular.h */,
				CBF375CD23298CEF005B14EA /* PGranularNode.h */,
				CBF375C023298CEE005B14EA /* RingBufferPack.h */,
				CBF375C723298CEF005B14EA /* RtMidi.h */,
				CBF375C423298CEF005B14EA /* Wave.h */,
				7DF3707450D94912BA2DD657 /* Resources.h */,
				5D53627C3DB548318F324A9C /* Collidoscope_Prefix.pch */,
			);
			name = Headers;
			sourceTree = "<group>";
		};
		29B97317FDCFA39411CA2CEA /* Resources */ = {
			isa = PBXGroup;
			children = (
				C8C5C1B1FDF746F6AE893955 /* CinderApp.icns */,
				3D9D9BE0625142DF97683A91 /* Info.plist */,
			);
			name = Resources;
			sourceTree = "<group>";
		};
		29B97323FDCFA39411CA2CEA /* Frameworks */ = {
			isa = PBXGroup;
			children = (
				CBF375D023299866005B14EA /* CoreMIDI.framework */,
				1058C7A0FEA54F0111CA2CBB /* Linked Frameworks */,
				1058C7A2FEA54F0111CA2CBB /* Other Frameworks */,
			);
			name = Frameworks;
			sourceTree = "<group>";
		};
/* End PBXGroup section */

/* Begin PBXNativeTarget section */
		8D1107260486CEB800E47090 /* Collidoscope */ = {
			isa = PBXNativeTarget;
			buildConfigurationList = C01FCF4A08A954540054247B /* Build configuration list for PBXNativeTarget "Collidoscope" */;
			buildPhases = (
				8D1107290486CEB800E47090 /* Resources */,
				8D11072C0486CEB800E47090 /* Sources */,
				8D11072E0486CEB800E47090 /* Frameworks */,
			);
			buildRules = (
			);
			dependencies = (
			);
			name = Collidoscope;
			productInstallPath = "$(HOME)/Applications";
			productName = Collidoscope;
			productReference = 8D1107320486CEB800E47090 /* Collidoscope.app */;
			productType = "com.apple.product-type.application";
		};
/* End PBXNativeTarget section */

/* Begin PBXProject section */
		29B97313FDCFA39411CA2CEA /* Project object */ = {
			isa = PBXProject;
			attributes = {
			};
			buildConfigurationList = C01FCF4E08A954540054247B /* Build configuration list for PBXProject "Collidoscope" */;
			compatibilityVersion = "Xcode 3.2";
			developmentRegion = English;
			hasScannedForEncodings = 1;
			knownRegions = (
				English,
				Japanese,
				French,
				German,
			);
			mainGroup = 29B97314FDCFA39411CA2CEA /* Collidoscope */;
			projectDirPath = "";
			projectRoot = "";
			targets = (
				8D1107260486CEB800E47090 /* Collidoscope */,
			);
		};
/* End PBXProject section */

/* Begin PBXResourcesBuildPhase section */
		8D1107290486CEB800E47090 /* Resources */ = {
			isa = PBXResourcesBuildPhase;
			buildActionMask = 2147483647;
			files = (
				832EE72E23F847B39C069246 /* CinderApp.icns in Resources */,
			);
			runOnlyForDeploymentPostprocessing = 0;
		};
/* End PBXResourcesBuildPhase section */

/* Begin PBXSourcesBuildPhase section */
		8D11072C0486CEB800E47090 /* Sources */ = {
			isa = PBXSourcesBuildPhase;
			buildActionMask = 2147483647;
			files = (
				CBF375CF23298DAB005B14EA /* CollidoscopeApp.cpp in Sources */,
				CBF375BA23298CC6005B14EA /* RtMidi.cpp in Sources */,
				CBF375B923298CC6005B14EA /* Log.cpp in Sources */,
				CBF375B823298CC6005B14EA /* ParticleController.cpp in Sources */,
				CBF375B623298CC6005B14EA /* Config.cpp in Sources */,
				CBF375BD23298CC6005B14EA /* Wave.cpp in Sources */,
				CBF375BB23298CC6005B14EA /* MIDI.cpp in Sources */,
				CBF375BC23298CC6005B14EA /* PGranularNode.cpp in Sources */,
				CBF375B723298CC6005B14EA /* BufferToWaveRecorderNode.cpp in Sources */,
				CBF375B523298CC6005B14EA /* AudioEngine.cpp in Sources */,
				CBF375B423298CC6005B14EA /* Chunk.cpp in Sources */,
			);
			runOnlyForDeploymentPostprocessing = 0;
		};
/* End PBXSourcesBuildPhase section */

/* Begin XCBuildConfiguration section */
		C01FCF4B08A954540054247B /* Debug */ = {
			isa = XCBuildConfiguration;
			buildSettings = {
				COMBINE_HIDPI_IMAGES = YES;
				COPY_PHASE_STRIP = NO;
				DEAD_CODE_STRIPPING = YES;
				GCC_DYNAMIC_NO_PIC = NO;
				GCC_INLINES_ARE_PRIVATE_EXTERN = YES;
				GCC_OPTIMIZATION_LEVEL = 0;
				GCC_PRECOMPILE_PREFIX_HEADER = YES;
				GCC_PREFIX_HEADER = Collidoscope_Prefix.pch;
				GCC_PREPROCESSOR_DEFINITIONS = (
					"DEBUG=1",
					"NUM_WAVES=1",
					"USE_PARTICLES=1",
					__MACOSX_CORE__,
					"$(inherited)",
				);
				GCC_SYMBOLS_PRIVATE_EXTERN = NO;
				INFOPLIST_FILE = Info.plist;
				INSTALL_PATH = "$(HOME)/Applications";
				OTHER_LDFLAGS = "\"$(CINDER_PATH)/lib/libcinder_d.a\"";
				PRODUCT_BUNDLE_IDENTIFIER = "org.libcinder.${PRODUCT_NAME:rfc1034identifier}";
				PRODUCT_NAME = Collidoscope;
				SYMROOT = ./build;
				WRAPPER_EXTENSION = app;
			};
			name = Debug;
		};
		C01FCF4C08A954540054247B /* Release */ = {
			isa = XCBuildConfiguration;
			buildSettings = {
				COMBINE_HIDPI_IMAGES = YES;
				DEAD_CODE_STRIPPING = YES;
				DEBUG_INFORMATION_FORMAT = "dwarf-with-dsym";
				GCC_FAST_MATH = YES;
				GCC_GENERATE_DEBUGGING_SYMBOLS = NO;
				GCC_INLINES_ARE_PRIVATE_EXTERN = YES;
				GCC_OPTIMIZATION_LEVEL = 3;
				GCC_PRECOMPILE_PREFIX_HEADER = YES;
				GCC_PREFIX_HEADER = Collidoscope_Prefix.pch;
				GCC_PREPROCESSOR_DEFINITIONS = (
					"NDEBUG=1",
					"NUM_WAVES=1",
					"USE_PARTICLES=1",
					__MACOSX_CORE__,
					"$(inherited)",
				);
				GCC_SYMBOLS_PRIVATE_EXTERN = NO;
				INFOPLIST_FILE = Info.plist;
				INSTALL_PATH = "$(HOME)/Applications";
				OTHER_LDFLAGS = "\"$(CINDER_PATH)/lib/libcinder.a\"";
				PRODUCT_BUNDLE_IDENTIFIER = "org.libcinder.${PRODUCT_NAME:rfc1034identifier}";
				PRODUCT_NAME = Collidoscope;
				STRIP_INSTALLED_PRODUCT = YES;
				SYMROOT = ./build;
				WRAPPER_EXTENSION = app;
			};
			name = Release;
		};
		C01FCF4F08A954540054247B /* Debug */ = {
			isa = XCBuildConfiguration;
			buildSettings = {
				ALWAYS_SEARCH_USER_PATHS = NO;
				CINDER_PATH = ../../cinder_0.9.0_mac;
				CLANG_CXX_LANGUAGE_STANDARD = "c++11";
				CLANG_CXX_LIBRARY = "libc++";
				ENABLE_TESTABILITY = YES;
				GCC_WARN_ABOUT_RETURN_TYPE = YES;
				GCC_WARN_UNUSED_VARIABLE = YES;
				HEADER_SEARCH_PATHS = "\"$(CINDER_PATH)/include\"";
				MACOSX_DEPLOYMENT_TARGET = 10.8;
				ONLY_ACTIVE_ARCH = YES;
				SDKROOT = macosx;
				USER_HEADER_SEARCH_PATHS = "\"$(CINDER_PATH)/include\" ../include";
			};
			name = Debug;
		};
		C01FCF5008A954540054247B /* Release */ = {
			isa = XCBuildConfiguration;
			buildSettings = {
				ALWAYS_SEARCH_USER_PATHS = NO;
				CINDER_PATH = ../../cinder_0.9.0_mac;
				CLANG_CXX_LANGUAGE_STANDARD = "c++11";
				CLANG_CXX_LIBRARY = "libc++";
				GCC_WARN_ABOUT_RETURN_TYPE = YES;
				GCC_WARN_UNUSED_VARIABLE = YES;
				HEADER_SEARCH_PATHS = "\"$(CINDER_PATH)/include\"";
				MACOSX_DEPLOYMENT_TARGET = 10.8;
				SDKROOT = macosx;
				USER_HEADER_SEARCH_PATHS = "\"$(CINDER_PATH)/include\" ../include";
			};
			name = Release;
		};
/* End XCBuildConfiguration section */

/* Begin XCConfigurationList section */
		C01FCF4A08A954540054247B /* Build configuration list for PBXNativeTarget "Collidoscope" */ = {
			isa = XCConfigurationList;
			buildConfigurations = (
				C01FCF4B08A954540054247B /* Debug */,
				C01FCF4C08A954540054247B /* Release */,
			);
			defaultConfigurationIsVisible = 0;
			defaultConfigurationName = Release;
		};
		C01FCF4E08A954540054247B /* Build configuration list for PBXProject "Collidoscope" */ = {
			isa = XCConfigurationList;
			buildConfigurations = (
				C01FCF4F08A954540054247B /* Debug */,
				C01FCF5008A954540054247B /* Release */,
			);
			defaultConfigurationIsVisible = 0;
			defaultConfigurationName = Release;
		};
/* End XCConfigurationList section */
	};
	rootObject = 29B97313FDCFA39411CA2CEA /* Project object */;
}
